// !$*UTF8*$!
{
	archiveVersion = 1;
	classes = {
	};
	objectVersion = 55;
	objects = {

/* Begin PBXBuildFile section */
		7585E86928C9E00E00416E85 /* AppDelegate.swift in Sources */ = {isa = PBXBuildFile; fileRef = 7585E86828C9E00E00416E85 /* AppDelegate.swift */; };
		7585E86B28C9E00E00416E85 /* SceneDelegate.swift in Sources */ = {isa = PBXBuildFile; fileRef = 7585E86A28C9E00E00416E85 /* SceneDelegate.swift */; };
		7585E86D28C9E00E00416E85 /* ViewController.swift in Sources */ = {isa = PBXBuildFile; fileRef = 7585E86C28C9E00E00416E85 /* ViewController.swift */; };
		7585E87028C9E00E00416E85 /* Main.storyboard in Resources */ = {isa = PBXBuildFile; fileRef = 7585E86E28C9E00E00416E85 /* Main.storyboard */; };
		7585E87228C9E01000416E85 /* Assets.xcassets in Resources */ = {isa = PBXBuildFile; fileRef = 7585E87128C9E01000416E85 /* Assets.xcassets */; };
		7585E87528C9E01000416E85 /* LaunchScreen.storyboard in Resources */ = {isa = PBXBuildFile; fileRef = 7585E87328C9E01000416E85 /* LaunchScreen.storyboard */; };
		7585E89728C9E54400416E85 /* Jost-VariableFont_wght.ttf in Resources */ = {isa = PBXBuildFile; fileRef = 7585E88028C9E54400416E85 /* Jost-VariableFont_wght.ttf */; };
		7585E89828C9E54400416E85 /* Jost-BoldItalic.ttf in Resources */ = {isa = PBXBuildFile; fileRef = 7585E88228C9E54400416E85 /* Jost-BoldItalic.ttf */; };
		7585E89928C9E54400416E85 /* Jost-Bold.ttf in Resources */ = {isa = PBXBuildFile; fileRef = 7585E88328C9E54400416E85 /* Jost-Bold.ttf */; };
		7585E89A28C9E54400416E85 /* Jost-ThinItalic.ttf in Resources */ = {isa = PBXBuildFile; fileRef = 7585E88428C9E54400416E85 /* Jost-ThinItalic.ttf */; };
		7585E89B28C9E54400416E85 /* Jost-ExtraLight.ttf in Resources */ = {isa = PBXBuildFile; fileRef = 7585E88528C9E54400416E85 /* Jost-ExtraLight.ttf */; };
		7585E89C28C9E54400416E85 /* Jost-BlackItalic.ttf in Resources */ = {isa = PBXBuildFile; fileRef = 7585E88628C9E54400416E85 /* Jost-BlackItalic.ttf */; };
		7585E89D28C9E54400416E85 /* Jost-ExtraBoldItalic.ttf in Resources */ = {isa = PBXBuildFile; fileRef = 7585E88728C9E54400416E85 /* Jost-ExtraBoldItalic.ttf */; };
		7585E89E28C9E54400416E85 /* Jost-Thin.ttf in Resources */ = {isa = PBXBuildFile; fileRef = 7585E88828C9E54400416E85 /* Jost-Thin.ttf */; };
		7585E89F28C9E54400416E85 /* Jost-LightItalic.ttf in Resources */ = {isa = PBXBuildFile; fileRef = 7585E88928C9E54400416E85 /* Jost-LightItalic.ttf */; };
		7585E8A028C9E54400416E85 /* Jost-Black.ttf in Resources */ = {isa = PBXBuildFile; fileRef = 7585E88A28C9E54400416E85 /* Jost-Black.ttf */; };
		7585E8A128C9E54400416E85 /* Jost-ExtraLightItalic.ttf in Resources */ = {isa = PBXBuildFile; fileRef = 7585E88B28C9E54400416E85 /* Jost-ExtraLightItalic.ttf */; };
		7585E8A228C9E54400416E85 /* Jost-Medium.ttf in Resources */ = {isa = PBXBuildFile; fileRef = 7585E88C28C9E54400416E85 /* Jost-Medium.ttf */; };
		7585E8A328C9E54400416E85 /* Jost-Regular.ttf in Resources */ = {isa = PBXBuildFile; fileRef = 7585E88D28C9E54400416E85 /* Jost-Regular.ttf */; };
		7585E8A428C9E54400416E85 /* Jost-ExtraBold.ttf in Resources */ = {isa = PBXBuildFile; fileRef = 7585E88E28C9E54400416E85 /* Jost-ExtraBold.ttf */; };
		7585E8A528C9E54400416E85 /* Jost-Light.ttf in Resources */ = {isa = PBXBuildFile; fileRef = 7585E88F28C9E54400416E85 /* Jost-Light.ttf */; };
		7585E8A628C9E54400416E85 /* Jost-Italic.ttf in Resources */ = {isa = PBXBuildFile; fileRef = 7585E89028C9E54400416E85 /* Jost-Italic.ttf */; };
		7585E8A728C9E54400416E85 /* Jost-SemiBoldItalic.ttf in Resources */ = {isa = PBXBuildFile; fileRef = 7585E89128C9E54400416E85 /* Jost-SemiBoldItalic.ttf */; };
		7585E8A828C9E54400416E85 /* Jost-SemiBold.ttf in Resources */ = {isa = PBXBuildFile; fileRef = 7585E89228C9E54400416E85 /* Jost-SemiBold.ttf */; };
		7585E8A928C9E54400416E85 /* Jost-MediumItalic.ttf in Resources */ = {isa = PBXBuildFile; fileRef = 7585E89328C9E54400416E85 /* Jost-MediumItalic.ttf */; };
		7585E8AA28C9E54400416E85 /* OFL.txt in Resources */ = {isa = PBXBuildFile; fileRef = 7585E89428C9E54400416E85 /* OFL.txt */; };
		7585E8AB28C9E54400416E85 /* Jost-Italic-VariableFont_wght.ttf in Resources */ = {isa = PBXBuildFile; fileRef = 7585E89528C9E54400416E85 /* Jost-Italic-VariableFont_wght.ttf */; };
		7585E8AC28C9E54400416E85 /* README.txt in Resources */ = {isa = PBXBuildFile; fileRef = 7585E89628C9E54400416E85 /* README.txt */; };
		7585E8AF28C9EA2C00416E85 /* Theme.swift in Sources */ = {isa = PBXBuildFile; fileRef = 7585E8AE28C9EA2C00416E85 /* Theme.swift */; };
		7585E8B128CA602400416E85 /* .gitignore in Resources */ = {isa = PBXBuildFile; fileRef = 7585E8B028CA602400416E85 /* .gitignore */; };
/* End PBXBuildFile section */

/* Begin PBXFileReference section */
		7585E86528C9E00E00416E85 /* Simple-Calculator.app */ = {isa = PBXFileReference; explicitFileType = wrapper.application; includeInIndex = 0; path = "Simple-Calculator.app"; sourceTree = BUILT_PRODUCTS_DIR; };
		7585E86828C9E00E00416E85 /* AppDelegate.swift */ = {isa = PBXFileReference; lastKnownFileType = sourcecode.swift; path = AppDelegate.swift; sourceTree = "<group>"; };
		7585E86A28C9E00E00416E85 /* SceneDelegate.swift */ = {isa = PBXFileReference; lastKnownFileType = sourcecode.swift; path = SceneDelegate.swift; sourceTree = "<group>"; };
		7585E86C28C9E00E00416E85 /* ViewController.swift */ = {isa = PBXFileReference; lastKnownFileType = sourcecode.swift; path = ViewController.swift; sourceTree = "<group>"; };
		7585E86F28C9E00E00416E85 /* Base */ = {isa = PBXFileReference; lastKnownFileType = file.storyboard; name = Base; path = Base.lproj/Main.storyboard; sourceTree = "<group>"; };
		7585E87128C9E01000416E85 /* Assets.xcassets */ = {isa = PBXFileReference; lastKnownFileType = folder.assetcatalog; path = Assets.xcassets; sourceTree = "<group>"; };
		7585E87428C9E01000416E85 /* Base */ = {isa = PBXFileReference; lastKnownFileType = file.storyboard; name = Base; path = Base.lproj/LaunchScreen.storyboard; sourceTree = "<group>"; };
		7585E87628C9E01000416E85 /* Info.plist */ = {isa = PBXFileReference; lastKnownFileType = text.plist.xml; path = Info.plist; sourceTree = "<group>"; };
		7585E88028C9E54400416E85 /* Jost-VariableFont_wght.ttf */ = {isa = PBXFileReference; lastKnownFileType = file; path = "Jost-VariableFont_wght.ttf"; sourceTree = "<group>"; };
		7585E88228C9E54400416E85 /* Jost-BoldItalic.ttf */ = {isa = PBXFileReference; lastKnownFileType = file; path = "Jost-BoldItalic.ttf"; sourceTree = "<group>"; };
		7585E88328C9E54400416E85 /* Jost-Bold.ttf */ = {isa = PBXFileReference; lastKnownFileType = file; path = "Jost-Bold.ttf"; sourceTree = "<group>"; };
		7585E88428C9E54400416E85 /* Jost-ThinItalic.ttf */ = {isa = PBXFileReference; lastKnownFileType = file; path = "Jost-ThinItalic.ttf"; sourceTree = "<group>"; };
		7585E88528C9E54400416E85 /* Jost-ExtraLight.ttf */ = {isa = PBXFileReference; lastKnownFileType = file; path = "Jost-ExtraLight.ttf"; sourceTree = "<group>"; };
		7585E88628C9E54400416E85 /* Jost-BlackItalic.ttf */ = {isa = PBXFileReference; lastKnownFileType = file; path = "Jost-BlackItalic.ttf"; sourceTree = "<group>"; };
		7585E88728C9E54400416E85 /* Jost-ExtraBoldItalic.ttf */ = {isa = PBXFileReference; lastKnownFileType = file; path = "Jost-ExtraBoldItalic.ttf"; sourceTree = "<group>"; };
		7585E88828C9E54400416E85 /* Jost-Thin.ttf */ = {isa = PBXFileReference; lastKnownFileType = file; path = "Jost-Thin.ttf"; sourceTree = "<group>"; };
		7585E88928C9E54400416E85 /* Jost-LightItalic.ttf */ = {isa = PBXFileReference; lastKnownFileType = file; path = "Jost-LightItalic.ttf"; sourceTree = "<group>"; };
		7585E88A28C9E54400416E85 /* Jost-Black.ttf */ = {isa = PBXFileReference; lastKnownFileType = file; path = "Jost-Black.ttf"; sourceTree = "<group>"; };
		7585E88B28C9E54400416E85 /* Jost-ExtraLightItalic.ttf */ = {isa = PBXFileReference; lastKnownFileType = file; path = "Jost-ExtraLightItalic.ttf"; sourceTree = "<group>"; };
		7585E88C28C9E54400416E85 /* Jost-Medium.ttf */ = {isa = PBXFileReference; lastKnownFileType = file; path = "Jost-Medium.ttf"; sourceTree = "<group>"; };
		7585E88D28C9E54400416E85 /* Jost-Regular.ttf */ = {isa = PBXFileReference; lastKnownFileType = file; path = "Jost-Regular.ttf"; sourceTree = "<group>"; };
		7585E88E28C9E54400416E85 /* Jost-ExtraBold.ttf */ = {isa = PBXFileReference; lastKnownFileType = file; path = "Jost-ExtraBold.ttf"; sourceTree = "<group>"; };
		7585E88F28C9E54400416E85 /* Jost-Light.ttf */ = {isa = PBXFileReference; lastKnownFileType = file; path = "Jost-Light.ttf"; sourceTree = "<group>"; };
		7585E89028C9E54400416E85 /* Jost-Italic.ttf */ = {isa = PBXFileReference; lastKnownFileType = file; path = "Jost-Italic.ttf"; sourceTree = "<group>"; };
		7585E89128C9E54400416E85 /* Jost-SemiBoldItalic.ttf */ = {isa = PBXFileReference; lastKnownFileType = file; path = "Jost-SemiBoldItalic.ttf"; sourceTree = "<group>"; };
		7585E89228C9E54400416E85 /* Jost-SemiBold.ttf */ = {isa = PBXFileReference; lastKnownFileType = file; path = "Jost-SemiBold.ttf"; sourceTree = "<group>"; };
		7585E89328C9E54400416E85 /* Jost-MediumItalic.ttf */ = {isa = PBXFileReference; lastKnownFileType = file; path = "Jost-MediumItalic.ttf"; sourceTree = "<group>"; };
		7585E89428C9E54400416E85 /* OFL.txt */ = {isa = PBXFileReference; fileEncoding = 4; lastKnownFileType = text; path = OFL.txt; sourceTree = "<group>"; };
		7585E89528C9E54400416E85 /* Jost-Italic-VariableFont_wght.ttf */ = {isa = PBXFileReference; lastKnownFileType = file; path = "Jost-Italic-VariableFont_wght.ttf"; sourceTree = "<group>"; };
		7585E89628C9E54400416E85 /* README.txt */ = {isa = PBXFileReference; fileEncoding = 4; lastKnownFileType = text; path = README.txt; sourceTree = "<group>"; };
		7585E8AE28C9EA2C00416E85 /* Theme.swift */ = {isa = PBXFileReference; lastKnownFileType = sourcecode.swift; path = Theme.swift; sourceTree = "<group>"; };
		7585E8B028CA602400416E85 /* .gitignore */ = {isa = PBXFileReference; lastKnownFileType = text; path = .gitignore; sourceTree = "<group>"; };
/* End PBXFileReference section */

/* Begin PBXFrameworksBuildPhase section */
		7585E86228C9E00E00416E85 /* Frameworks */ = {
			isa = PBXFrameworksBuildPhase;
			buildActionMask = 2147483647;
			files = (
			);
			runOnlyForDeploymentPostprocessing = 0;
		};
/* End PBXFrameworksBuildPhase section */

/* Begin PBXGroup section */
		7585E85C28C9E00E00416E85 = {
			isa = PBXGroup;
			children = (
				7585E8B028CA602400416E85 /* .gitignore */,
				7585E87F28C9E54400416E85 /* Jost */,
				7585E86728C9E00E00416E85 /* Simple-Calculator */,
				7585E86628C9E00E00416E85 /* Products */,
			);
			sourceTree = "<group>";
		};
		7585E86628C9E00E00416E85 /* Products */ = {
			isa = PBXGroup;
			children = (
				7585E86528C9E00E00416E85 /* Simple-Calculator.app */,
			);
			name = Products;
			sourceTree = "<group>";
		};
		7585E86728C9E00E00416E85 /* Simple-Calculator */ = {
			isa = PBXGroup;
			children = (
				7585E8AE28C9EA2C00416E85 /* Theme.swift */,
				7585E86828C9E00E00416E85 /* AppDelegate.swift */,
				7585E86A28C9E00E00416E85 /* SceneDelegate.swift */,
				7585E86C28C9E00E00416E85 /* ViewController.swift */,
				7585E86E28C9E00E00416E85 /* Main.storyboard */,
				7585E87128C9E01000416E85 /* Assets.xcassets */,
				7585E87328C9E01000416E85 /* LaunchScreen.storyboard */,
				7585E87628C9E01000416E85 /* Info.plist */,
			);
			path = "Simple-Calculator";
			sourceTree = "<group>";
		};
		7585E87F28C9E54400416E85 /* Jost */ = {
			isa = PBXGroup;
			children = (
				7585E88028C9E54400416E85 /* Jost-VariableFont_wght.ttf */,
				7585E88128C9E54400416E85 /* static */,
				7585E89428C9E54400416E85 /* OFL.txt */,
				7585E89528C9E54400416E85 /* Jost-Italic-VariableFont_wght.ttf */,
				7585E89628C9E54400416E85 /* README.txt */,
			);
			path = Jost;
			sourceTree = "<group>";
		};
		7585E88128C9E54400416E85 /* static */ = {
			isa = PBXGroup;
			children = (
				7585E88228C9E54400416E85 /* Jost-BoldItalic.ttf */,
				7585E88328C9E54400416E85 /* Jost-Bold.ttf */,
				7585E88428C9E54400416E85 /* Jost-ThinItalic.ttf */,
				7585E88528C9E54400416E85 /* Jost-ExtraLight.ttf */,
				7585E88628C9E54400416E85 /* Jost-BlackItalic.ttf */,
				7585E88728C9E54400416E85 /* Jost-ExtraBoldItalic.ttf */,
				7585E88828C9E54400416E85 /* Jost-Thin.ttf */,
				7585E88928C9E54400416E85 /* Jost-LightItalic.ttf */,
				7585E88A28C9E54400416E85 /* Jost-Black.ttf */,
				7585E88B28C9E54400416E85 /* Jost-ExtraLightItalic.ttf */,
				7585E88C28C9E54400416E85 /* Jost-Medium.ttf */,
				7585E88D28C9E54400416E85 /* Jost-Regular.ttf */,
				7585E88E28C9E54400416E85 /* Jost-ExtraBold.ttf */,
				7585E88F28C9E54400416E85 /* Jost-Light.ttf */,
				7585E89028C9E54400416E85 /* Jost-Italic.ttf */,
				7585E89128C9E54400416E85 /* Jost-SemiBoldItalic.ttf */,
				7585E89228C9E54400416E85 /* Jost-SemiBold.ttf */,
				7585E89328C9E54400416E85 /* Jost-MediumItalic.ttf */,
			);
			path = static;
			sourceTree = "<group>";
		};
/* End PBXGroup section */

/* Begin PBXNativeTarget section */
		7585E86428C9E00E00416E85 /* Simple-Calculator */ = {
			isa = PBXNativeTarget;
			buildConfigurationList = 7585E87928C9E01000416E85 /* Build configuration list for PBXNativeTarget "Simple-Calculator" */;
			buildPhases = (
				7585E86128C9E00E00416E85 /* Sources */,
				7585E86228C9E00E00416E85 /* Frameworks */,
				7585E86328C9E00E00416E85 /* Resources */,
			);
			buildRules = (
			);
			dependencies = (
			);
			name = "Simple-Calculator";
			productName = "Simple-Calculator";
			productReference = 7585E86528C9E00E00416E85 /* Simple-Calculator.app */;
			productType = "com.apple.product-type.application";
		};
/* End PBXNativeTarget section */

/* Begin PBXProject section */
		7585E85D28C9E00E00416E85 /* Project object */ = {
			isa = PBXProject;
			attributes = {
				BuildIndependentTargetsInParallel = 1;
				LastSwiftUpdateCheck = 1340;
				LastUpgradeCheck = 1340;
				TargetAttributes = {
					7585E86428C9E00E00416E85 = {
						CreatedOnToolsVersion = 13.4.1;
					};
				};
			};
			buildConfigurationList = 7585E86028C9E00E00416E85 /* Build configuration list for PBXProject "Simple-Calculator" */;
			compatibilityVersion = "Xcode 13.0";
			developmentRegion = en;
			hasScannedForEncodings = 0;
			knownRegions = (
				en,
				Base,
			);
			mainGroup = 7585E85C28C9E00E00416E85;
			productRefGroup = 7585E86628C9E00E00416E85 /* Products */;
			projectDirPath = "";
			projectRoot = "";
			targets = (
				7585E86428C9E00E00416E85 /* Simple-Calculator */,
			);
		};
/* End PBXProject section */

/* Begin PBXResourcesBuildPhase section */
		7585E86328C9E00E00416E85 /* Resources */ = {
			isa = PBXResourcesBuildPhase;
			buildActionMask = 2147483647;
			files = (
				7585E89B28C9E54400416E85 /* Jost-ExtraLight.ttf in Resources */,
				7585E87528C9E01000416E85 /* LaunchScreen.storyboard in Resources */,
				7585E8A128C9E54400416E85 /* Jost-ExtraLightItalic.ttf in Resources */,
				7585E8A228C9E54400416E85 /* Jost-Medium.ttf in Resources */,
				7585E89D28C9E54400416E85 /* Jost-ExtraBoldItalic.ttf in Resources */,
				7585E8A728C9E54400416E85 /* Jost-SemiBoldItalic.ttf in Resources */,
				7585E89F28C9E54400416E85 /* Jost-LightItalic.ttf in Resources */,
				7585E8A028C9E54400416E85 /* Jost-Black.ttf in Resources */,
				7585E89728C9E54400416E85 /* Jost-VariableFont_wght.ttf in Resources */,
				7585E8A928C9E54400416E85 /* Jost-MediumItalic.ttf in Resources */,
				7585E89A28C9E54400416E85 /* Jost-ThinItalic.ttf in Resources */,
				7585E8A528C9E54400416E85 /* Jost-Light.ttf in Resources */,
				7585E8AA28C9E54400416E85 /* OFL.txt in Resources */,
				7585E8A628C9E54400416E85 /* Jost-Italic.ttf in Resources */,
				7585E8AC28C9E54400416E85 /* README.txt in Resources */,
				7585E89828C9E54400416E85 /* Jost-BoldItalic.ttf in Resources */,
				7585E89928C9E54400416E85 /* Jost-Bold.ttf in Resources */,
				7585E8A328C9E54400416E85 /* Jost-Regular.ttf in Resources */,
				7585E8AB28C9E54400416E85 /* Jost-Italic-VariableFont_wght.ttf in Resources */,
				7585E87228C9E01000416E85 /* Assets.xcassets in Resources */,
				7585E89E28C9E54400416E85 /* Jost-Thin.ttf in Resources */,
				7585E8A428C9E54400416E85 /* Jost-ExtraBold.ttf in Resources */,
				7585E89C28C9E54400416E85 /* Jost-BlackItalic.ttf in Resources */,
				7585E87028C9E00E00416E85 /* Main.storyboard in Resources */,
				7585E8B128CA602400416E85 /* .gitignore in Resources */,
				7585E8A828C9E54400416E85 /* Jost-SemiBold.ttf in Resources */,
			);
			runOnlyForDeploymentPostprocessing = 0;
		};
/* End PBXResourcesBuildPhase section */

/* Begin PBXSourcesBuildPhase section */
		7585E86128C9E00E00416E85 /* Sources */ = {
			isa = PBXSourcesBuildPhase;
			buildActionMask = 2147483647;
			files = (
				7585E86D28C9E00E00416E85 /* ViewController.swift in Sources */,
				7585E8AF28C9EA2C00416E85 /* Theme.swift in Sources */,
				7585E86928C9E00E00416E85 /* AppDelegate.swift in Sources */,
				7585E86B28C9E00E00416E85 /* SceneDelegate.swift in Sources */,
			);
			runOnlyForDeploymentPostprocessing = 0;
		};
/* End PBXSourcesBuildPhase section */

/* Begin PBXVariantGroup section */
		7585E86E28C9E00E00416E85 /* Main.storyboard */ = {
			isa = PBXVariantGroup;
			children = (
				7585E86F28C9E00E00416E85 /* Base */,
			);
			name = Main.storyboard;
			sourceTree = "<group>";
		};
		7585E87328C9E01000416E85 /* LaunchScreen.storyboard */ = {
			isa = PBXVariantGroup;
			children = (
				7585E87428C9E01000416E85 /* Base */,
			);
			name = LaunchScreen.storyboard;
			sourceTree = "<group>";
		};
/* End PBXVariantGroup section */

/* Begin XCBuildConfiguration section */
		7585E87728C9E01000416E85 /* Debug */ = {
			isa = XCBuildConfiguration;
			buildSettings = {
				ALWAYS_SEARCH_USER_PATHS = NO;
				CLANG_ANALYZER_NONNULL = YES;
				CLANG_ANALYZER_NUMBER_OBJECT_CONVERSION = YES_AGGRESSIVE;
				CLANG_CXX_LANGUAGE_STANDARD = "gnu++17";
				CLANG_ENABLE_MODULES = YES;
				CLANG_ENABLE_OBJC_ARC = YES;
				CLANG_ENABLE_OBJC_WEAK = YES;
				CLANG_WARN_BLOCK_CAPTURE_AUTORELEASING = YES;
				CLANG_WARN_BOOL_CONVERSION = YES;
				CLANG_WARN_COMMA = YES;
				CLANG_WARN_CONSTANT_CONVERSION = YES;
				CLANG_WARN_DEPRECATED_OBJC_IMPLEMENTATIONS = YES;
				CLANG_WARN_DIRECT_OBJC_ISA_USAGE = YES_ERROR;
				CLANG_WARN_DOCUMENTATION_COMMENTS = YES;
				CLANG_WARN_EMPTY_BODY = YES;
				CLANG_WARN_ENUM_CONVERSION = YES;
				CLANG_WARN_INFINITE_RECURSION = YES;
				CLANG_WARN_INT_CONVERSION = YES;
				CLANG_WARN_NON_LITERAL_NULL_CONVERSION = YES;
				CLANG_WARN_OBJC_IMPLICIT_RETAIN_SELF = YES;
				CLANG_WARN_OBJC_LITERAL_CONVERSION = YES;
				CLANG_WARN_OBJC_ROOT_CLASS = YES_ERROR;
				CLANG_WARN_QUOTED_INCLUDE_IN_FRAMEWORK_HEADER = YES;
				CLANG_WARN_RANGE_LOOP_ANALYSIS = YES;
				CLANG_WARN_STRICT_PROTOTYPES = YES;
				CLANG_WARN_SUSPICIOUS_MOVE = YES;
				CLANG_WARN_UNGUARDED_AVAILABILITY = YES_AGGRESSIVE;
				CLANG_WARN_UNREACHABLE_CODE = YES;
				CLANG_WARN__DUPLICATE_METHOD_MATCH = YES;
				COPY_PHASE_STRIP = NO;
				DEBUG_INFORMATION_FORMAT = dwarf;
				ENABLE_STRICT_OBJC_MSGSEND = YES;
				ENABLE_TESTABILITY = YES;
				GCC_C_LANGUAGE_STANDARD = gnu11;
				GCC_DYNAMIC_NO_PIC = NO;
				GCC_NO_COMMON_BLOCKS = YES;
				GCC_OPTIMIZATION_LEVEL = 0;
				GCC_PREPROCESSOR_DEFINITIONS = (
					"DEBUG=1",
					"$(inherited)",
				);
				GCC_WARN_64_TO_32_BIT_CONVERSION = YES;
				GCC_WARN_ABOUT_RETURN_TYPE = YES_ERROR;
				GCC_WARN_UNDECLARED_SELECTOR = YES;
				GCC_WARN_UNINITIALIZED_AUTOS = YES_AGGRESSIVE;
				GCC_WARN_UNUSED_FUNCTION = YES;
				GCC_WARN_UNUSED_VARIABLE = YES;
				IPHONEOS_DEPLOYMENT_TARGET = 15.5;
				MTL_ENABLE_DEBUG_INFO = INCLUDE_SOURCE;
				MTL_FAST_MATH = YES;
				ONLY_ACTIVE_ARCH = YES;
				SDKROOT = iphoneos;
				SWIFT_ACTIVE_COMPILATION_CONDITIONS = DEBUG;
				SWIFT_OPTIMIZATION_LEVEL = "-Onone";
			};
			name = Debug;
		};
		7585E87828C9E01000416E85 /* Release */ = {
			isa = XCBuildConfiguration;
			buildSettings = {
				ALWAYS_SEARCH_USER_PATHS = NO;
				CLANG_ANALYZER_NONNULL = YES;
				CLANG_ANALYZER_NUMBER_OBJECT_CONVERSION = YES_AGGRESSIVE;
				CLANG_CXX_LANGUAGE_STANDARD = "gnu++17";
				CLANG_ENABLE_MODULES = YES;
				CLANG_ENABLE_OBJC_ARC = YES;
				CLANG_ENABLE_OBJC_WEAK = YES;
				CLANG_WARN_BLOCK_CAPTURE_AUTORELEASING = YES;
				CLANG_WARN_BOOL_CONVERSION = YES;
				CLANG_WARN_COMMA = YES;
				CLANG_WARN_CONSTANT_CONVERSION = YES;
				CLANG_WARN_DEPRECATED_OBJC_IMPLEMENTATIONS = YES;
				CLANG_WARN_DIRECT_OBJC_ISA_USAGE = YES_ERROR;
				CLANG_WARN_DOCUMENTATION_COMMENTS = YES;
				CLANG_WARN_EMPTY_BODY = YES;
				CLANG_WARN_ENUM_CONVERSION = YES;
				CLANG_WARN_INFINITE_RECURSION = YES;
				CLANG_WARN_INT_CONVERSION = YES;
				CLANG_WARN_NON_LITERAL_NULL_CONVERSION = YES;
				CLANG_WARN_OBJC_IMPLICIT_RETAIN_SELF = YES;
				CLANG_WARN_OBJC_LITERAL_CONVERSION = YES;
				CLANG_WARN_OBJC_ROOT_CLASS = YES_ERROR;
				CLANG_WARN_QUOTED_INCLUDE_IN_FRAMEWORK_HEADER = YES;
				CLANG_WARN_RANGE_LOOP_ANALYSIS = YES;
				CLANG_WARN_STRICT_PROTOTYPES = YES;
				CLANG_WARN_SUSPICIOUS_MOVE = YES;
				CLANG_WARN_UNGUARDED_AVAILABILITY = YES_AGGRESSIVE;
				CLANG_WARN_UNREACHABLE_CODE = YES;
				CLANG_WARN__DUPLICATE_METHOD_MATCH = YES;
				COPY_PHASE_STRIP = NO;
				DEBUG_INFORMATION_FORMAT = "dwarf-with-dsym";
				ENABLE_NS_ASSERTIONS = NO;
				ENABLE_STRICT_OBJC_MSGSEND = YES;
				GCC_C_LANGUAGE_STANDARD = gnu11;
				GCC_NO_COMMON_BLOCKS = YES;
				GCC_WARN_64_TO_32_BIT_CONVERSION = YES;
				GCC_WARN_ABOUT_RETURN_TYPE = YES_ERROR;
				GCC_WARN_UNDECLARED_SELECTOR = YES;
				GCC_WARN_UNINITIALIZED_AUTOS = YES_AGGRESSIVE;
				GCC_WARN_UNUSED_FUNCTION = YES;
				GCC_WARN_UNUSED_VARIABLE = YES;
				IPHONEOS_DEPLOYMENT_TARGET = 15.5;
				MTL_ENABLE_DEBUG_INFO = NO;
				MTL_FAST_MATH = YES;
				SDKROOT = iphoneos;
				SWIFT_COMPILATION_MODE = wholemodule;
				SWIFT_OPTIMIZATION_LEVEL = "-O";
				VALIDATE_PRODUCT = YES;
			};
			name = Release;
		};
		7585E87A28C9E01000416E85 /* Debug */ = {
			isa = XCBuildConfiguration;
			buildSettings = {
				ASSETCATALOG_COMPILER_APPICON_NAME = AppIcon;
				ASSETCATALOG_COMPILER_GLOBAL_ACCENT_COLOR_NAME = AccentColor;
				CODE_SIGN_STYLE = Automatic;
				CURRENT_PROJECT_VERSION = 1;
				DEVELOPMENT_TEAM = Y279TVF4Y6;
				GENERATE_INFOPLIST_FILE = YES;
				INFOPLIST_FILE = "Simple-Calculator/Info.plist";
				INFOPLIST_KEY_UIApplicationSupportsIndirectInputEvents = YES;
				INFOPLIST_KEY_UILaunchStoryboardName = LaunchScreen;
				INFOPLIST_KEY_UIMainStoryboardFile = Main;
				INFOPLIST_KEY_UISupportedInterfaceOrientations_iPad = "UIInterfaceOrientationPortrait UIInterfaceOrientationPortraitUpsideDown UIInterfaceOrientationLandscapeLeft UIInterfaceOrientationLandscapeRight";
				INFOPLIST_KEY_UISupportedInterfaceOrientations_iPhone = "UIInterfaceOrientationPortrait UIInterfaceOrientationLandscapeLeft UIInterfaceOrientationLandscapeRight";
				LD_RUNPATH_SEARCH_PATHS = (
					"$(inherited)",
					"@executable_path/Frameworks",
				);
				MARKETING_VERSION = 1.0;
				PRODUCT_BUNDLE_IDENTIFIER = "com.secrieruandrei.Simple-Calculator";
				PRODUCT_NAME = "$(TARGET_NAME)";
				SWIFT_EMIT_LOC_STRINGS = YES;
				SWIFT_VERSION = 5.0;
				TARGETED_DEVICE_FAMILY = "1,2";
			};
			name = Debug;
		};
		7585E87B28C9E01000416E85 /* Release */ = {
			isa = XCBuildConfiguration;
			buildSettings = {
				ASSETCATALOG_COMPILER_APPICON_NAME = AppIcon;
				ASSETCATALOG_COMPILER_GLOBAL_ACCENT_COLOR_NAME = AccentColor;
				CODE_SIGN_STYLE = Automatic;
				CURRENT_PROJECT_VERSION = 1;
				DEVELOPMENT_TEAM = Y279TVF4Y6;
				GENERATE_INFOPLIST_FILE = YES;
				INFOPLIST_FILE = "Simple-Calculator/Info.plist";
				INFOPLIST_KEY_UIApplicationSupportsIndirectInputEvents = YES;
				INFOPLIST_KEY_UILaunchStoryboardName = LaunchScreen;
				INFOPLIST_KEY_UIMainStoryboardFile = Main;
				INFOPLIST_KEY_UISupportedInterfaceOrientations_iPad = "UIInterfaceOrientationPortrait UIInterfaceOrientationPortraitUpsideDown UIInterfaceOrientationLandscapeLeft UIInterfaceOrientationLandscapeRight";
				INFOPLIST_KEY_UISupportedInterfaceOrientations_iPhone = "UIInterfaceOrientationPortrait UIInterfaceOrientationLandscapeLeft UIInterfaceOrientationLandscapeRight";
				LD_RUNPATH_SEARCH_PATHS = (
					"$(inherited)",
					"@executable_path/Frameworks",
				);
				MARKETING_VERSION = 1.0;
				PRODUCT_BUNDLE_IDENTIFIER = "com.secrieruandrei.Simple-Calculator";
				PRODUCT_NAME = "$(TARGET_NAME)";
				SWIFT_EMIT_LOC_STRINGS = YES;
				SWIFT_VERSION = 5.0;
				TARGETED_DEVICE_FAMILY = "1,2";
			};
			name = Release;
		};
/* End XCBuildConfiguration section */

/* Begin XCConfigurationList section */
		7585E86028C9E00E00416E85 /* Build configuration list for PBXProject "Simple-Calculator" */ = {
			isa = XCConfigurationList;
			buildConfigurations = (
				7585E87728C9E01000416E85 /* Debug */,
				7585E87828C9E01000416E85 /* Release */,
			);
			defaultConfigurationIsVisible = 0;
			defaultConfigurationName = Release;
		};
		7585E87928C9E01000416E85 /* Build configuration list for PBXNativeTarget "Simple-Calculator" */ = {
			isa = XCConfigurationList;
			buildConfigurations = (
				7585E87A28C9E01000416E85 /* Debug */,
				7585E87B28C9E01000416E85 /* Release */,
			);
			defaultConfigurationIsVisible = 0;
			defaultConfigurationName = Release;
		};
/* End XCConfigurationList section */
	};
	rootObject = 7585E85D28C9E00E00416E85 /* Project object */;
}
